
Microsoft Visual Studio Solution File, Format Version 12.00
# Visual Studio Version 16
VisualStudioVersion = 16.0.30711.63
MinimumVisualStudioVersion = 10.0.40219.1
Project("{FAE04EC0-301F-11D3-BF4B-00C04F79EFBC}") = "lagerus-maximus", "lagerus-maximus\lagerus-maximus.csproj", "{59BDA101-6105-4404-9F6F-651FE5648F2E}"
EndProject
Global
	GlobalSection(SolutionConfigurationPlatforms) = preSolution
		Debug|Any CPU = Debug|Any CPU
		Release|Any CPU = Release|Any CPU
	EndGlobalSection
	GlobalSection(ProjectConfigurationPlatforms) = postSolution
		{59BDA101-6105-4404-9F6F-651FE5648F2E}.Debug|Any CPU.ActiveCfg = Debug|Any CPU
		{59BDA101-6105-4404-9F6F-651FE5648F2E}.Debug|Any CPU.Build.0 = Debug|Any CPU
		{59BDA101-6105-4404-9F6F-651FE5648F2E}.Release|Any CPU.ActiveCfg = Release|Any CPU
		{59BDA101-6105-4404-9F6F-651FE5648F2E}.Release|Any CPU.Build.0 = Release|Any CPU
	EndGlobalSection
	GlobalSection(SolutionProperties) = preSolution
		HideSolutionNode = FALSE
	EndGlobalSection
	GlobalSection(ExtensibilityGlobals) = postSolution
		SolutionGuid = {4AE3C521-34C9-4FF1-989E-5E92E65406E7}
	EndGlobalSection
EndGlobal
